
Microsoft Visual Studio Solution File, Format Version 12.00
# Visual Studio Version 16
VisualStudioVersion = 16.0.31702.278
MinimumVisualStudioVersion = 10.0.40219.1
Project("{FAE04EC0-301F-11D3-BF4B-00C04F79EFBC}") = "MultiComboBox", "MultiComboBox\MultiComboBox.csproj", "{0CBA089A-E166-4DC8-907B-D5AB208D462D}"
EndProject
Global
	GlobalSection(SolutionConfigurationPlatforms) = preSolution
		Debug|Any CPU = Debug|Any CPU
		Release|Any CPU = Release|Any CPU
	EndGlobalSection
	GlobalSection(ProjectConfigurationPlatforms) = postSolution
		{0CBA089A-E166-4DC8-907B-D5AB208D462D}.Debug|Any CPU.ActiveCfg = Debug|Any CPU
		{0CBA089A-E166-4DC8-907B-D5AB208D462D}.Debug|Any CPU.Build.0 = Debug|Any CPU
		{0CBA089A-E166-4DC8-907B-D5AB208D462D}.Release|Any CPU.ActiveCfg = Release|Any CPU
		{0CBA089A-E166-4DC8-907B-D5AB208D462D}.Release|Any CPU.Build.0 = Release|Any CPU
	EndGlobalSection
	GlobalSection(SolutionProperties) = preSolution
		HideSolutionNode = FALSE
	EndGlobalSection
	GlobalSection(ExtensibilityGlobals) = postSolution
		SolutionGuid = {806FF1F9-10C6-4051-843C-FAD7AB219599}
	EndGlobalSection
EndGlobal
